
Microsoft Visual Studio Solution File, Format Version 12.00
# Visual Studio 2012
Project("{FAE04EC0-301F-11D3-BF4B-00C04F79EFBC}") = "myFirstWPFapp", "myFirstWPFapp\myFirstWPFapp.csproj", "{DFE8C3A3-6445-4F5D-AC17-97D01D8C280F}"
EndProject
Global
	GlobalSection(SolutionConfigurationPlatforms) = preSolution
		Debug|Any CPU = Debug|Any CPU
		Release|Any CPU = Release|Any CPU
	EndGlobalSection
	GlobalSection(ProjectConfigurationPlatforms) = postSolution
		{DFE8C3A3-6445-4F5D-AC17-97D01D8C280F}.Debug|Any CPU.ActiveCfg = Debug|Any CPU
		{DFE8C3A3-6445-4F5D-AC17-97D01D8C280F}.Debug|Any CPU.Build.0 = Debug|Any CPU
		{DFE8C3A3-6445-4F5D-AC17-97D01D8C280F}.Release|Any CPU.ActiveCfg = Release|Any CPU
		{DFE8C3A3-6445-4F5D-AC17-97D01D8C280F}.Release|Any CPU.Build.0 = Release|Any CPU
	EndGlobalSection
	GlobalSection(SolutionProperties) = preSolution
		HideSolutionNode = FALSE
	EndGlobalSection
EndGlobal
