
Microsoft Visual Studio Solution File, Format Version 12.00
# Visual Studio 2012
Project("{FAE04EC0-301F-11D3-BF4B-00C04F79EFBC}") = "HighQualityCodeGame", "HighQualityCodeGame\HighQualityCodeGame.csproj", "{FCA9BEB9-DCB7-4FBC-AE95-53220212BE0C}"
EndProject
Project("{FAE04EC0-301F-11D3-BF4B-00C04F79EFBC}") = "HighQualityCodeGameLibrary", "HighQualityCodeGameLibrary\HighQualityCodeGameLibrary.csproj", "{3920A81A-B76D-46AF-9A05-B5B83B9E319A}"
EndProject
Global
	GlobalSection(SolutionConfigurationPlatforms) = preSolution
		Debug|Any CPU = Debug|Any CPU
		Release|Any CPU = Release|Any CPU
	EndGlobalSection
	GlobalSection(ProjectConfigurationPlatforms) = postSolution
		{FCA9BEB9-DCB7-4FBC-AE95-53220212BE0C}.Debug|Any CPU.ActiveCfg = Debug|Any CPU
		{FCA9BEB9-DCB7-4FBC-AE95-53220212BE0C}.Debug|Any CPU.Build.0 = Debug|Any CPU
		{FCA9BEB9-DCB7-4FBC-AE95-53220212BE0C}.Release|Any CPU.ActiveCfg = Release|Any CPU
		{FCA9BEB9-DCB7-4FBC-AE95-53220212BE0C}.Release|Any CPU.Build.0 = Release|Any CPU
		{3920A81A-B76D-46AF-9A05-B5B83B9E319A}.Debug|Any CPU.ActiveCfg = Debug|Any CPU
		{3920A81A-B76D-46AF-9A05-B5B83B9E319A}.Debug|Any CPU.Build.0 = Debug|Any CPU
		{3920A81A-B76D-46AF-9A05-B5B83B9E319A}.Release|Any CPU.ActiveCfg = Release|Any CPU
		{3920A81A-B76D-46AF-9A05-B5B83B9E319A}.Release|Any CPU.Build.0 = Release|Any CPU
	EndGlobalSection
	GlobalSection(SolutionProperties) = preSolution
		HideSolutionNode = FALSE
	EndGlobalSection
EndGlobal
